
Microsoft Visual Studio Solution File, Format Version 12.00
# Visual Studio Version 16
VisualStudioVersion = 16.0.30907.101
MinimumVisualStudioVersion = 10.0.40219.1
Project("{9A19103F-16F7-4668-BE54-9A1E7A4F7556}") = "Entities", "Entities\Entities.csproj", "{2AA067CC-C58B-428C-BA72-15FB38048A60}"
EndProject
Project("{9A19103F-16F7-4668-BE54-9A1E7A4F7556}") = "DataAccess", "DataAccess\DataAccess.csproj", "{AAE32E62-D895-43E9-8CCA-9FEEFF63C689}"
EndProject
Project("{9A19103F-16F7-4668-BE54-9A1E7A4F7556}") = "Business", "Business\Business.csproj", "{CDC408A1-6778-494C-B7E8-A78339B0C286}"
EndProject
Project("{9A19103F-16F7-4668-BE54-9A1E7A4F7556}") = "ConsoleUI", "ConsoleUI\ConsoleUI.csproj", "{A5AB210F-AC4A-4289-8888-30C9F0277597}"
EndProject
Project("{FAE04EC0-301F-11D3-BF4B-00C04F79EFBC}") = "ConsoleeUI", "ConsoleeUI\ConsoleeUI.csproj", "{D28AA215-322A-48DB-9E60-04A5191C613D}"
EndProject
Global
	GlobalSection(SolutionConfigurationPlatforms) = preSolution
		Debug|Any CPU = Debug|Any CPU
		Release|Any CPU = Release|Any CPU
	EndGlobalSection
	GlobalSection(ProjectConfigurationPlatforms) = postSolution
		{2AA067CC-C58B-428C-BA72-15FB38048A60}.Debug|Any CPU.ActiveCfg = Debug|Any CPU
		{2AA067CC-C58B-428C-BA72-15FB38048A60}.Debug|Any CPU.Build.0 = Debug|Any CPU
		{2AA067CC-C58B-428C-BA72-15FB38048A60}.Release|Any CPU.ActiveCfg = Release|Any CPU
		{2AA067CC-C58B-428C-BA72-15FB38048A60}.Release|Any CPU.Build.0 = Release|Any CPU
		{AAE32E62-D895-43E9-8CCA-9FEEFF63C689}.Debug|Any CPU.ActiveCfg = Debug|Any CPU
		{AAE32E62-D895-43E9-8CCA-9FEEFF63C689}.Debug|Any CPU.Build.0 = Debug|Any CPU
		{AAE32E62-D895-43E9-8CCA-9FEEFF63C689}.Release|Any CPU.ActiveCfg = Release|Any CPU
		{AAE32E62-D895-43E9-8CCA-9FEEFF63C689}.Release|Any CPU.Build.0 = Release|Any CPU
		{CDC408A1-6778-494C-B7E8-A78339B0C286}.Debug|Any CPU.ActiveCfg = Debug|Any CPU
		{CDC408A1-6778-494C-B7E8-A78339B0C286}.Debug|Any CPU.Build.0 = Debug|Any CPU
		{CDC408A1-6778-494C-B7E8-A78339B0C286}.Release|Any CPU.ActiveCfg = Release|Any CPU
		{CDC408A1-6778-494C-B7E8-A78339B0C286}.Release|Any CPU.Build.0 = Release|Any CPU
		{A5AB210F-AC4A-4289-8888-30C9F0277597}.Debug|Any CPU.ActiveCfg = Debug|Any CPU
		{A5AB210F-AC4A-4289-8888-30C9F0277597}.Debug|Any CPU.Build.0 = Debug|Any CPU
		{A5AB210F-AC4A-4289-8888-30C9F0277597}.Release|Any CPU.ActiveCfg = Release|Any CPU
		{A5AB210F-AC4A-4289-8888-30C9F0277597}.Release|Any CPU.Build.0 = Release|Any CPU
		{D28AA215-322A-48DB-9E60-04A5191C613D}.Debug|Any CPU.ActiveCfg = Debug|Any CPU
		{D28AA215-322A-48DB-9E60-04A5191C613D}.Debug|Any CPU.Build.0 = Debug|Any CPU
		{D28AA215-322A-48DB-9E60-04A5191C613D}.Release|Any CPU.ActiveCfg = Release|Any CPU
		{D28AA215-322A-48DB-9E60-04A5191C613D}.Release|Any CPU.Build.0 = Release|Any CPU
	EndGlobalSection
	GlobalSection(SolutionProperties) = preSolution
		HideSolutionNode = FALSE
	EndGlobalSection
	GlobalSection(ExtensibilityGlobals) = postSolution
		SolutionGuid = {3730FE07-8609-4217-886C-C1A0BDEFAE95}
	EndGlobalSection
EndGlobal
